// !$*UTF8*$!
{
	archiveVersion = 1;
	classes = {
	};
	objectVersion = 56;
	objects = {

/* Begin PBXBuildFile section */
		D1BB4B392BB14FBD00D3351C /* trioSinch.docc in Sources */ = {isa = PBXBuildFile; fileRef = D1BB4B382BB14FBD00D3351C /* trioSinch.docc */; };
		D1BB4B3F2BB14FBD00D3351C /* trioSinch.framework in Frameworks */ = {isa = PBXBuildFile; fileRef = D1BB4B342BB14FBC00D3351C /* trioSinch.framework */; };
		D1BB4B442BB14FBD00D3351C /* trioSinchTests.swift in Sources */ = {isa = PBXBuildFile; fileRef = D1BB4B432BB14FBD00D3351C /* trioSinchTests.swift */; };
		D1BB4B452BB14FBD00D3351C /* trioSinch.h in Headers */ = {isa = PBXBuildFile; fileRef = D1BB4B372BB14FBC00D3351C /* trioSinch.h */; settings = {ATTRIBUTES = (Public, ); }; };
		D1BB4B4F2BB153E700D3351C /* trioSinch.podspec in Resources */ = {isa = PBXBuildFile; fileRef = D1BB4B4E2BB153E700D3351C /* trioSinch.podspec */; };
/* End PBXBuildFile section */

/* Begin PBXContainerItemProxy section */
		D1BB4B402BB14FBD00D3351C /* PBXContainerItemProxy */ = {
			isa = PBXContainerItemProxy;
			containerPortal = D1BB4B2B2BB14FBC00D3351C /* Project object */;
			proxyType = 1;
			remoteGlobalIDString = D1BB4B332BB14FBC00D3351C;
			remoteInfo = trioSinch;
		};
/* End PBXContainerItemProxy section */

/* Begin PBXFileReference section */
		D1BB4B342BB14FBC00D3351C /* trioSinch.framework */ = {isa = PBXFileReference; explicitFileType = wrapper.framework; includeInIndex = 0; path = trioSinch.framework; sourceTree = BUILT_PRODUCTS_DIR; };
		D1BB4B372BB14FBC00D3351C /* trioSinch.h */ = {isa = PBXFileReference; lastKnownFileType = sourcecode.c.h; path = trioSinch.h; sourceTree = "<group>"; };
		D1BB4B382BB14FBD00D3351C /* trioSinch.docc */ = {isa = PBXFileReference; lastKnownFileType = folder.documentationcatalog; path = trioSinch.docc; sourceTree = "<group>"; };
		D1BB4B3E2BB14FBD00D3351C /* trioSinchTests.xctest */ = {isa = PBXFileReference; explicitFileType = wrapper.cfbundle; includeInIndex = 0; path = trioSinchTests.xctest; sourceTree = BUILT_PRODUCTS_DIR; };
		D1BB4B432BB14FBD00D3351C /* trioSinchTests.swift */ = {isa = PBXFileReference; lastKnownFileType = sourcecode.swift; path = trioSinchTests.swift; sourceTree = "<group>"; };
		D1BB4B4E2BB153E700D3351C /* trioSinch.podspec */ = {isa = PBXFileReference; fileEncoding = 4; lastKnownFileType = text; path = trioSinch.podspec; sourceTree = SOURCE_ROOT; };
/* End PBXFileReference section */

/* Begin PBXFrameworksBuildPhase section */
		D1BB4B312BB14FBC00D3351C /* Frameworks */ = {
			isa = PBXFrameworksBuildPhase;
			buildActionMask = 2147483647;
			files = (
			);
			runOnlyForDeploymentPostprocessing = 0;
		};
		D1BB4B3B2BB14FBD00D3351C /* Frameworks */ = {
			isa = PBXFrameworksBuildPhase;
			buildActionMask = 2147483647;
			files = (
				D1BB4B3F2BB14FBD00D3351C /* trioSinch.framework in Frameworks */,
			);
			runOnlyForDeploymentPostprocessing = 0;
		};
/* End PBXFrameworksBuildPhase section */

/* Begin PBXGroup section */
		D1BB4B2A2BB14FBC00D3351C = {
			isa = PBXGroup;
			children = (
				D1BB4B362BB14FBC00D3351C /* trioSinch */,
				D1BB4B422BB14FBD00D3351C /* trioSinchTests */,
				D1BB4B352BB14FBC00D3351C /* Products */,
			);
			sourceTree = "<group>";
		};
		D1BB4B352BB14FBC00D3351C /* Products */ = {
			isa = PBXGroup;
			children = (
				D1BB4B342BB14FBC00D3351C /* trioSinch.framework */,
				D1BB4B3E2BB14FBD00D3351C /* trioSinchTests.xctest */,
			);
			name = Products;
			sourceTree = "<group>";
		};
		D1BB4B362BB14FBC00D3351C /* trioSinch */ = {
			isa = PBXGroup;
			children = (
				D1BB4B4E2BB153E700D3351C /* trioSinch.podspec */,
				D1BB4B372BB14FBC00D3351C /* trioSinch.h */,
				D1BB4B382BB14FBD00D3351C /* trioSinch.docc */,
			);
			path = trioSinch;
			sourceTree = "<group>";
		};
		D1BB4B422BB14FBD00D3351C /* trioSinchTests */ = {
			isa = PBXGroup;
			children = (
				D1BB4B432BB14FBD00D3351C /* trioSinchTests.swift */,
			);
			path = trioSinchTests;
			sourceTree = "<group>";
		};
/* End PBXGroup section */

/* Begin PBXHeadersBuildPhase section */
		D1BB4B2F2BB14FBC00D3351C /* Headers */ = {
			isa = PBXHeadersBuildPhase;
			buildActionMask = 2147483647;
			files = (
				D1BB4B452BB14FBD00D3351C /* trioSinch.h in Headers */,
			);
			runOnlyForDeploymentPostprocessing = 0;
		};
/* End PBXHeadersBuildPhase section */

/* Begin PBXNativeTarget section */
		D1BB4B332BB14FBC00D3351C /* trioSinch */ = {
			isa = PBXNativeTarget;
			buildConfigurationList = D1BB4B482BB14FBD00D3351C /* Build configuration list for PBXNativeTarget "trioSinch" */;
			buildPhases = (
				D1BB4B2F2BB14FBC00D3351C /* Headers */,
				D1BB4B302BB14FBC00D3351C /* Sources */,
				D1BB4B312BB14FBC00D3351C /* Frameworks */,
				D1BB4B322BB14FBC00D3351C /* Resources */,
			);
			buildRules = (
			);
			dependencies = (
			);
			name = trioSinch;
			productName = trioSinch;
			productReference = D1BB4B342BB14FBC00D3351C /* trioSinch.framework */;
			productType = "com.apple.product-type.framework";
		};
		D1BB4B3D2BB14FBD00D3351C /* trioSinchTests */ = {
			isa = PBXNativeTarget;
			buildConfigurationList = D1BB4B4B2BB14FBD00D3351C /* Build configuration list for PBXNativeTarget "trioSinchTests" */;
			buildPhases = (
				D1BB4B3A2BB14FBD00D3351C /* Sources */,
				D1BB4B3B2BB14FBD00D3351C /* Frameworks */,
				D1BB4B3C2BB14FBD00D3351C /* Resources */,
			);
			buildRules = (
			);
			dependencies = (
				D1BB4B412BB14FBD00D3351C /* PBXTargetDependency */,
			);
			name = trioSinchTests;
			productName = trioSinchTests;
			productReference = D1BB4B3E2BB14FBD00D3351C /* trioSinchTests.xctest */;
			productType = "com.apple.product-type.bundle.unit-test";
		};
/* End PBXNativeTarget section */

/* Begin PBXProject section */
		D1BB4B2B2BB14FBC00D3351C /* Project object */ = {
			isa = PBXProject;
			attributes = {
				BuildIndependentTargetsInParallel = 1;
				LastSwiftUpdateCheck = 1530;
				LastUpgradeCheck = 1530;
				TargetAttributes = {
					D1BB4B332BB14FBC00D3351C = {
						CreatedOnToolsVersion = 15.3;
					};
					D1BB4B3D2BB14FBD00D3351C = {
						CreatedOnToolsVersion = 15.3;
					};
				};
			};
			buildConfigurationList = D1BB4B2E2BB14FBC00D3351C /* Build configuration list for PBXProject "trioSinch" */;
			compatibilityVersion = "Xcode 14.0";
			developmentRegion = en;
			hasScannedForEncodings = 0;
			knownRegions = (
				en,
				Base,
			);
			mainGroup = D1BB4B2A2BB14FBC00D3351C;
			productRefGroup = D1BB4B352BB14FBC00D3351C /* Products */;
			projectDirPath = "";
			projectRoot = "";
			targets = (
				D1BB4B332BB14FBC00D3351C /* trioSinch */,
				D1BB4B3D2BB14FBD00D3351C /* trioSinchTests */,
			);
		};
/* End PBXProject section */

/* Begin PBXResourcesBuildPhase section */
		D1BB4B322BB14FBC00D3351C /* Resources */ = {
			isa = PBXResourcesBuildPhase;
			buildActionMask = 2147483647;
			files = (
				D1BB4B4F2BB153E700D3351C /* trioSinch.podspec in Resources */,
			);
			runOnlyForDeploymentPostprocessing = 0;
		};
		D1BB4B3C2BB14FBD00D3351C /* Resources */ = {
			isa = PBXResourcesBuildPhase;
			buildActionMask = 2147483647;
			files = (
			);
			runOnlyForDeploymentPostprocessing = 0;
		};
/* End PBXResourcesBuildPhase section */

/* Begin PBXSourcesBuildPhase section */
		D1BB4B302BB14FBC00D3351C /* Sources */ = {
			isa = PBXSourcesBuildPhase;
			buildActionMask = 2147483647;
			files = (
				D1BB4B392BB14FBD00D3351C /* trioSinch.docc in Sources */,
			);
			runOnlyForDeploymentPostprocessing = 0;
		};
		D1BB4B3A2BB14FBD00D3351C /* Sources */ = {
			isa = PBXSourcesBuildPhase;
			buildActionMask = 2147483647;
			files = (
				D1BB4B442BB14FBD00D3351C /* trioSinchTests.swift in Sources */,
			);
			runOnlyForDeploymentPostprocessing = 0;
		};
/* End PBXSourcesBuildPhase section */

/* Begin PBXTargetDependency section */
		D1BB4B412BB14FBD00D3351C /* PBXTargetDependency */ = {
			isa = PBXTargetDependency;
			target = D1BB4B332BB14FBC00D3351C /* trioSinch */;
			targetProxy = D1BB4B402BB14FBD00D3351C /* PBXContainerItemProxy */;
		};
/* End PBXTargetDependency section */

/* Begin XCBuildConfiguration section */
		D1BB4B462BB14FBD00D3351C /* Debug */ = {
			isa = XCBuildConfiguration;
			buildSettings = {
				ALWAYS_SEARCH_USER_PATHS = NO;
				ASSETCATALOG_COMPILER_GENERATE_SWIFT_ASSET_SYMBOL_EXTENSIONS = YES;
				CLANG_ANALYZER_NONNULL = YES;
				CLANG_ANALYZER_NUMBER_OBJECT_CONVERSION = YES_AGGRESSIVE;
				CLANG_CXX_LANGUAGE_STANDARD = "gnu++20";
				CLANG_ENABLE_MODULES = YES;
				CLANG_ENABLE_OBJC_ARC = YES;
				CLANG_ENABLE_OBJC_WEAK = YES;
				CLANG_WARN_BLOCK_CAPTURE_AUTORELEASING = YES;
				CLANG_WARN_BOOL_CONVERSION = YES;
				CLANG_WARN_COMMA = YES;
				CLANG_WARN_CONSTANT_CONVERSION = YES;
				CLANG_WARN_DEPRECATED_OBJC_IMPLEMENTATIONS = YES;
				CLANG_WARN_DIRECT_OBJC_ISA_USAGE = YES_ERROR;
				CLANG_WARN_DOCUMENTATION_COMMENTS = YES;
				CLANG_WARN_EMPTY_BODY = YES;
				CLANG_WARN_ENUM_CONVERSION = YES;
				CLANG_WARN_INFINITE_RECURSION = YES;
				CLANG_WARN_INT_CONVERSION = YES;
				CLANG_WARN_NON_LITERAL_NULL_CONVERSION = YES;
				CLANG_WARN_OBJC_IMPLICIT_RETAIN_SELF = YES;
				CLANG_WARN_OBJC_LITERAL_CONVERSION = YES;
				CLANG_WARN_OBJC_ROOT_CLASS = YES_ERROR;
				CLANG_WARN_QUOTED_INCLUDE_IN_FRAMEWORK_HEADER = YES;
				CLANG_WARN_RANGE_LOOP_ANALYSIS = YES;
				CLANG_WARN_STRICT_PROTOTYPES = YES;
				CLANG_WARN_SUSPICIOUS_MOVE = YES;
				CLANG_WARN_UNGUARDED_AVAILABILITY = YES_AGGRESSIVE;
				CLANG_WARN_UNREACHABLE_CODE = YES;
				CLANG_WARN__DUPLICATE_METHOD_MATCH = YES;
				COPY_PHASE_STRIP = NO;
				CURRENT_PROJECT_VERSION = 1;
				DEBUG_INFORMATION_FORMAT = dwarf;
				ENABLE_STRICT_OBJC_MSGSEND = YES;
				ENABLE_TESTABILITY = YES;
				ENABLE_USER_SCRIPT_SANDBOXING = YES;
				GCC_C_LANGUAGE_STANDARD = gnu17;
				GCC_DYNAMIC_NO_PIC = NO;
				GCC_NO_COMMON_BLOCKS = YES;
				GCC_OPTIMIZATION_LEVEL = 0;
				GCC_PREPROCESSOR_DEFINITIONS = (
					"DEBUG=1",
					"$(inherited)",
				);
				GCC_WARN_64_TO_32_BIT_CONVERSION = YES;
				GCC_WARN_ABOUT_RETURN_TYPE = YES_ERROR;
				GCC_WARN_UNDECLARED_SELECTOR = YES;
				GCC_WARN_UNINITIALIZED_AUTOS = YES_AGGRESSIVE;
				GCC_WARN_UNUSED_FUNCTION = YES;
				GCC_WARN_UNUSED_VARIABLE = YES;
				LOCALIZATION_PREFERS_STRING_CATALOGS = YES;
				MTL_ENABLE_DEBUG_INFO = INCLUDE_SOURCE;
				MTL_FAST_MATH = YES;
				ONLY_ACTIVE_ARCH = YES;
				SWIFT_ACTIVE_COMPILATION_CONDITIONS = "DEBUG $(inherited)";
				SWIFT_OPTIMIZATION_LEVEL = "-Onone";
				VERSIONING_SYSTEM = "apple-generic";
				VERSION_INFO_PREFIX = "";
			};
			name = Debug;
		};
		D1BB4B472BB14FBD00D3351C /* Release */ = {
			isa = XCBuildConfiguration;
			buildSettings = {
				ALWAYS_SEARCH_USER_PATHS = NO;
				ASSETCATALOG_COMPILER_GENERATE_SWIFT_ASSET_SYMBOL_EXTENSIONS = YES;
				CLANG_ANALYZER_NONNULL = YES;
				CLANG_ANALYZER_NUMBER_OBJECT_CONVERSION = YES_AGGRESSIVE;
				CLANG_CXX_LANGUAGE_STANDARD = "gnu++20";
				CLANG_ENABLE_MODULES = YES;
				CLANG_ENABLE_OBJC_ARC = YES;
				CLANG_ENABLE_OBJC_WEAK = YES;
				CLANG_WARN_BLOCK_CAPTURE_AUTORELEASING = YES;
				CLANG_WARN_BOOL_CONVERSION = YES;
				CLANG_WARN_COMMA = YES;
				CLANG_WARN_CONSTANT_CONVERSION = YES;
				CLANG_WARN_DEPRECATED_OBJC_IMPLEMENTATIONS = YES;
				CLANG_WARN_DIRECT_OBJC_ISA_USAGE = YES_ERROR;
				CLANG_WARN_DOCUMENTATION_COMMENTS = YES;
				CLANG_WARN_EMPTY_BODY = YES;
				CLANG_WARN_ENUM_CONVERSION = YES;
				CLANG_WARN_INFINITE_RECURSION = YES;
				CLANG_WARN_INT_CONVERSION = YES;
				CLANG_WARN_NON_LITERAL_NULL_CONVERSION = YES;
				CLANG_WARN_OBJC_IMPLICIT_RETAIN_SELF = YES;
				CLANG_WARN_OBJC_LITERAL_CONVERSION = YES;
				CLANG_WARN_OBJC_ROOT_CLASS = YES_ERROR;
				CLANG_WARN_QUOTED_INCLUDE_IN_FRAMEWORK_HEADER = YES;
				CLANG_WARN_RANGE_LOOP_ANALYSIS = YES;
				CLANG_WARN_STRICT_PROTOTYPES = YES;
				CLANG_WARN_SUSPICIOUS_MOVE = YES;
				CLANG_WARN_UNGUARDED_AVAILABILITY = YES_AGGRESSIVE;
				CLANG_WARN_UNREACHABLE_CODE = YES;
				CLANG_WARN__DUPLICATE_METHOD_MATCH = YES;
				COPY_PHASE_STRIP = NO;
				CURRENT_PROJECT_VERSION = 1;
				DEBUG_INFORMATION_FORMAT = "dwarf-with-dsym";
				ENABLE_NS_ASSERTIONS = NO;
				ENABLE_STRICT_OBJC_MSGSEND = YES;
				ENABLE_USER_SCRIPT_SANDBOXING = YES;
				GCC_C_LANGUAGE_STANDARD = gnu17;
				GCC_NO_COMMON_BLOCKS = YES;
				GCC_WARN_64_TO_32_BIT_CONVERSION = YES;
				GCC_WARN_ABOUT_RETURN_TYPE = YES_ERROR;
				GCC_WARN_UNDECLARED_SELECTOR = YES;
				GCC_WARN_UNINITIALIZED_AUTOS = YES_AGGRESSIVE;
				GCC_WARN_UNUSED_FUNCTION = YES;
				GCC_WARN_UNUSED_VARIABLE = YES;
				LOCALIZATION_PREFERS_STRING_CATALOGS = YES;
				MTL_ENABLE_DEBUG_INFO = NO;
				MTL_FAST_MATH = YES;
				SWIFT_COMPILATION_MODE = wholemodule;
				VERSIONING_SYSTEM = "apple-generic";
				VERSION_INFO_PREFIX = "";
			};
			name = Release;
		};
		D1BB4B492BB14FBD00D3351C /* Debug */ = {
			isa = XCBuildConfiguration;
			buildSettings = {
				ALLOW_TARGET_PLATFORM_SPECIALIZATION = YES;
				BUILD_LIBRARY_FOR_DISTRIBUTION = YES;
				CODE_SIGN_STYLE = Automatic;
				CURRENT_PROJECT_VERSION = 1;
				DEFINES_MODULE = YES;
				DEVELOPMENT_TEAM = W89HL6566S;
				DYLIB_COMPATIBILITY_VERSION = 1;
				DYLIB_CURRENT_VERSION = 1;
				DYLIB_INSTALL_NAME_BASE = "@rpath";
				ENABLE_MODULE_VERIFIER = YES;
				GENERATE_INFOPLIST_FILE = YES;
				INFOPLIST_KEY_NSHumanReadableCopyright = "";
				INSTALL_PATH = "$(LOCAL_LIBRARY_DIR)/Frameworks";
				IPHONEOS_DEPLOYMENT_TARGET = 17.4;
				LD_RUNPATH_SEARCH_PATHS = (
					"@executable_path/Frameworks",
					"@loader_path/Frameworks",
				);
				"LD_RUNPATH_SEARCH_PATHS[sdk=macosx*]" = (
					"@executable_path/../Frameworks",
					"@loader_path/Frameworks",
				);
				MACOSX_DEPLOYMENT_TARGET = 14.4;
				MARKETING_VERSION = 1.0;
				MODULE_VERIFIER_SUPPORTED_LANGUAGES = "objective-c objective-c++";
				MODULE_VERIFIER_SUPPORTED_LANGUAGE_STANDARDS = "gnu17 gnu++20";
				PRODUCT_BUNDLE_IDENTIFIER = com.trioangleSinch.trioSinch;
				PRODUCT_NAME = "$(TARGET_NAME:c99extidentifier)";
				SDKROOT = auto;
				SKIP_INSTALL = YES;
				SUPPORTED_PLATFORMS = "iphoneos iphonesimulator macosx";
				SWIFT_EMIT_LOC_STRINGS = YES;
				SWIFT_INSTALL_OBJC_HEADER = NO;
				SWIFT_VERSION = 5.0;
				TARGETED_DEVICE_FAMILY = "1,2";
			};
			name = Debug;
		};
		D1BB4B4A2BB14FBD00D3351C /* Release */ = {
			isa = XCBuildConfiguration;
			buildSettings = {
				ALLOW_TARGET_PLATFORM_SPECIALIZATION = YES;
				BUILD_LIBRARY_FOR_DISTRIBUTION = YES;
				CODE_SIGN_STYLE = Automatic;
				CURRENT_PROJECT_VERSION = 1;
				DEFINES_MODULE = YES;
				DEVELOPMENT_TEAM = W89HL6566S;
				DYLIB_COMPATIBILITY_VERSION = 1;
				DYLIB_CURRENT_VERSION = 1;
				DYLIB_INSTALL_NAME_BASE = "@rpath";
				ENABLE_MODULE_VERIFIER = YES;
				GENERATE_INFOPLIST_FILE = YES;
				INFOPLIST_KEY_NSHumanReadableCopyright = "";
				INSTALL_PATH = "$(LOCAL_LIBRARY_DIR)/Frameworks";
				IPHONEOS_DEPLOYMENT_TARGET = 17.4;
				LD_RUNPATH_SEARCH_PATHS = (
					"@executable_path/Frameworks",
					"@loader_path/Frameworks",
				);
				"LD_RUNPATH_SEARCH_PATHS[sdk=macosx*]" = (
					"@executable_path/../Frameworks",
					"@loader_path/Frameworks",
				);
				MACOSX_DEPLOYMENT_TARGET = 14.4;
				MARKETING_VERSION = 1.0;
				MODULE_VERIFIER_SUPPORTED_LANGUAGES = "objective-c objective-c++";
				MODULE_VERIFIER_SUPPORTED_LANGUAGE_STANDARDS = "gnu17 gnu++20";
				PRODUCT_BUNDLE_IDENTIFIER = com.trioangleSinch.trioSinch;
				PRODUCT_NAME = "$(TARGET_NAME:c99extidentifier)";
				SDKROOT = auto;
				SKIP_INSTALL = YES;
				SUPPORTED_PLATFORMS = "iphoneos iphonesimulator macosx";
				SWIFT_EMIT_LOC_STRINGS = YES;
				SWIFT_INSTALL_OBJC_HEADER = NO;
				SWIFT_VERSION = 5.0;
				TARGETED_DEVICE_FAMILY = "1,2";
			};
			name = Release;
		};
		D1BB4B4C2BB14FBD00D3351C /* Debug */ = {
			isa = XCBuildConfiguration;
			buildSettings = {
				ALLOW_TARGET_PLATFORM_SPECIALIZATION = YES;
				CODE_SIGN_STYLE = Automatic;
				CURRENT_PROJECT_VERSION = 1;
				DEVELOPMENT_TEAM = W89HL6566S;
				GENERATE_INFOPLIST_FILE = YES;
				IPHONEOS_DEPLOYMENT_TARGET = 17.4;
				MACOSX_DEPLOYMENT_TARGET = 14.4;
				MARKETING_VERSION = 1.0;
				PRODUCT_BUNDLE_IDENTIFIER = com.trioangleSinch.trioSinchTests;
				PRODUCT_NAME = "$(TARGET_NAME)";
				SDKROOT = auto;
				SUPPORTED_PLATFORMS = "iphoneos iphonesimulator macosx";
				SWIFT_EMIT_LOC_STRINGS = NO;
				SWIFT_VERSION = 5.0;
				TARGETED_DEVICE_FAMILY = "1,2";
			};
			name = Debug;
		};
		D1BB4B4D2BB14FBD00D3351C /* Release */ = {
			isa = XCBuildConfiguration;
			buildSettings = {
				ALLOW_TARGET_PLATFORM_SPECIALIZATION = YES;
				CODE_SIGN_STYLE = Automatic;
				CURRENT_PROJECT_VERSION = 1;
				DEVELOPMENT_TEAM = W89HL6566S;
				GENERATE_INFOPLIST_FILE = YES;
				IPHONEOS_DEPLOYMENT_TARGET = 17.4;
				MACOSX_DEPLOYMENT_TARGET = 14.4;
				MARKETING_VERSION = 1.0;
				PRODUCT_BUNDLE_IDENTIFIER = com.trioangleSinch.trioSinchTests;
				PRODUCT_NAME = "$(TARGET_NAME)";
				SDKROOT = auto;
				SUPPORTED_PLATFORMS = "iphoneos iphonesimulator macosx";
				SWIFT_EMIT_LOC_STRINGS = NO;
				SWIFT_VERSION = 5.0;
				TARGETED_DEVICE_FAMILY = "1,2";
			};
			name = Release;
		};
/* End XCBuildConfiguration section */

/* Begin XCConfigurationList section */
		D1BB4B2E2BB14FBC00D3351C /* Build configuration list for PBXProject "trioSinch" */ = {
			isa = XCConfigurationList;
			buildConfigurations = (
				D1BB4B462BB14FBD00D3351C /* Debug */,
				D1BB4B472BB14FBD00D3351C /* Release */,
			);
			defaultConfigurationIsVisible = 0;
			defaultConfigurationName = Release;
		};
		D1BB4B482BB14FBD00D3351C /* Build configuration list for PBXNativeTarget "trioSinch" */ = {
			isa = XCConfigurationList;
			buildConfigurations = (
				D1BB4B492BB14FBD00D3351C /* Debug */,
				D1BB4B4A2BB14FBD00D3351C /* Release */,
			);
			defaultConfigurationIsVisible = 0;
			defaultConfigurationName = Release;
		};
		D1BB4B4B2BB14FBD00D3351C /* Build configuration list for PBXNativeTarget "trioSinchTests" */ = {
			isa = XCConfigurationList;
			buildConfigurations = (
				D1BB4B4C2BB14FBD00D3351C /* Debug */,
				D1BB4B4D2BB14FBD00D3351C /* Release */,
			);
			defaultConfigurationIsVisible = 0;
			defaultConfigurationName = Release;
		};
/* End XCConfigurationList section */
	};
	rootObject = D1BB4B2B2BB14FBC00D3351C /* Project object */;
}
